<?xml version="1.0" encoding="UTF-8"?>
<Project ToolsVersion="14.0" xmlns="http://schemas.microsoft.com/developer/msbuild/2003">
  <ItemGroup>
    <ClCompile Include="E:\repo\WindowsStore\dava.framework\Tools\WinStoreCMake\cmake_repo\Source\kwsys\testProcess.c">
      <Filter>Source Files</Filter>
    </ClCompile>
  </ItemGroup>
  <ItemGroup>
    <CustomBuild Include="E:\repo\WindowsStore\dava.framework\Tools\WinStoreCMake\cmake_repo\Source\kwsys\CMakeLists.txt" />
  </ItemGroup>
  <ItemGroup>
    <Filter Include="Source Files">
      <UniqueIdentifier>{12B62A34-3523-4EA4-B67D-6A82F89A6C58}</UniqueIdentifier>
    </Filter>
  </ItemGroup>
</Project>
