// !$*UTF8*$!
{
	archiveVersion = 1;
	classes = {
	};
	objectVersion = 46;
	objects = {

/* Begin PBXBuildFile section */
		B779539A1A07C6C5001FB673 /* linebreak.c in Sources */ = {isa = PBXBuildFile; fileRef = B77953911A07C6C5001FB673 /* linebreak.c */; };
		B779539B1A07C6C5001FB673 /* linebreak.h in Headers */ = {isa = PBXBuildFile; fileRef = B77953921A07C6C5001FB673 /* linebreak.h */; };
		B779539C1A07C6C5001FB673 /* linebreakdata.c in Sources */ = {isa = PBXBuildFile; fileRef = B77953931A07C6C5001FB673 /* linebreakdata.c */; };
		B779539D1A07C6C5001FB673 /* linebreakdef.c in Sources */ = {isa = PBXBuildFile; fileRef = B77953941A07C6C5001FB673 /* linebreakdef.c */; };
		B779539E1A07C6C5001FB673 /* linebreakdef.h in Headers */ = {isa = PBXBuildFile; fileRef = B77953951A07C6C5001FB673 /* linebreakdef.h */; };
		B779539F1A07C6C5001FB673 /* wordbreak.c in Sources */ = {isa = PBXBuildFile; fileRef = B77953961A07C6C5001FB673 /* wordbreak.c */; };
		B77953A01A07C6C5001FB673 /* wordbreak.h in Headers */ = {isa = PBXBuildFile; fileRef = B77953971A07C6C5001FB673 /* wordbreak.h */; };
		B77953A11A07C6C5001FB673 /* wordbreakdata.c in Sources */ = {isa = PBXBuildFile; fileRef = B77953981A07C6C5001FB673 /* wordbreakdata.c */; };
		B77953A21A07C6C5001FB673 /* wordbreakdef.h in Headers */ = {isa = PBXBuildFile; fileRef = B77953991A07C6C5001FB673 /* wordbreakdef.h */; };
/* End PBXBuildFile section */

/* Begin PBXFileReference section */
		B77953911A07C6C5001FB673 /* linebreak.c */ = {isa = PBXFileReference; fileEncoding = 4; lastKnownFileType = sourcecode.c.c; name = linebreak.c; path = ../../src/linebreak.c; sourceTree = "<group>"; };
		B77953921A07C6C5001FB673 /* linebreak.h */ = {isa = PBXFileReference; fileEncoding = 4; lastKnownFileType = sourcecode.c.h; name = linebreak.h; path = ../../src/linebreak.h; sourceTree = "<group>"; };
		B77953931A07C6C5001FB673 /* linebreakdata.c */ = {isa = PBXFileReference; fileEncoding = 4; lastKnownFileType = sourcecode.c.c; name = linebreakdata.c; path = ../../src/linebreakdata.c; sourceTree = "<group>"; };
		B77953941A07C6C5001FB673 /* linebreakdef.c */ = {isa = PBXFileReference; fileEncoding = 4; lastKnownFileType = sourcecode.c.c; name = linebreakdef.c; path = ../../src/linebreakdef.c; sourceTree = "<group>"; };
		B77953951A07C6C5001FB673 /* linebreakdef.h */ = {isa = PBXFileReference; fileEncoding = 4; lastKnownFileType = sourcecode.c.h; name = linebreakdef.h; path = ../../src/linebreakdef.h; sourceTree = "<group>"; };
		B77953961A07C6C5001FB673 /* wordbreak.c */ = {isa = PBXFileReference; fileEncoding = 4; lastKnownFileType = sourcecode.c.c; name = wordbreak.c; path = ../../src/wordbreak.c; sourceTree = "<group>"; };
		B77953971A07C6C5001FB673 /* wordbreak.h */ = {isa = PBXFileReference; fileEncoding = 4; lastKnownFileType = sourcecode.c.h; name = wordbreak.h; path = ../../src/wordbreak.h; sourceTree = "<group>"; };
		B77953981A07C6C5001FB673 /* wordbreakdata.c */ = {isa = PBXFileReference; fileEncoding = 4; lastKnownFileType = sourcecode.c.c; name = wordbreakdata.c; path = ../../src/wordbreakdata.c; sourceTree = "<group>"; };
		B77953991A07C6C5001FB673 /* wordbreakdef.h */ = {isa = PBXFileReference; fileEncoding = 4; lastKnownFileType = sourcecode.c.h; name = wordbreakdef.h; path = ../../src/wordbreakdef.h; sourceTree = "<group>"; };
		B7D6C8E619C890AB0095250A /* libunibreak_macos.a */ = {isa = PBXFileReference; explicitFileType = archive.ar; includeInIndex = 0; path = libunibreak_macos.a; sourceTree = BUILT_PRODUCTS_DIR; };
/* End PBXFileReference section */

/* Begin PBXFrameworksBuildPhase section */
		B7D6C8E319C890AB0095250A /* Frameworks */ = {
			isa = PBXFrameworksBuildPhase;
			buildActionMask = 2147483647;
			files = (
			);
			runOnlyForDeploymentPostprocessing = 0;
		};
/* End PBXFrameworksBuildPhase section */

/* Begin PBXGroup section */
		B77953881A07C4C2001FB673 /* src */ = {
			isa = PBXGroup;
			children = (
				B77953911A07C6C5001FB673 /* linebreak.c */,
				B77953921A07C6C5001FB673 /* linebreak.h */,
				B77953931A07C6C5001FB673 /* linebreakdata.c */,
				B77953941A07C6C5001FB673 /* linebreakdef.c */,
				B77953951A07C6C5001FB673 /* linebreakdef.h */,
				B77953961A07C6C5001FB673 /* wordbreak.c */,
				B77953971A07C6C5001FB673 /* wordbreak.h */,
				B77953981A07C6C5001FB673 /* wordbreakdata.c */,
				B77953991A07C6C5001FB673 /* wordbreakdef.h */,
			);
			name = src;
			sourceTree = "<group>";
		};
		B7D6C8DD19C890AB0095250A = {
			isa = PBXGroup;
			children = (
				B77953881A07C4C2001FB673 /* src */,
				B7D6C8E719C890AB0095250A /* Products */,
			);
			sourceTree = "<group>";
		};
		B7D6C8E719C890AB0095250A /* Products */ = {
			isa = PBXGroup;
			children = (
				B7D6C8E619C890AB0095250A /* libunibreak_macos.a */,
			);
			name = Products;
			sourceTree = "<group>";
		};
/* End PBXGroup section */

/* Begin PBXHeadersBuildPhase section */
		B7D6C8E419C890AB0095250A /* Headers */ = {
			isa = PBXHeadersBuildPhase;
			buildActionMask = 2147483647;
			files = (
				B77953A21A07C6C5001FB673 /* wordbreakdef.h in Headers */,
				B779539E1A07C6C5001FB673 /* linebreakdef.h in Headers */,
				B77953A01A07C6C5001FB673 /* wordbreak.h in Headers */,
				B779539B1A07C6C5001FB673 /* linebreak.h in Headers */,
			);
			runOnlyForDeploymentPostprocessing = 0;
		};
/* End PBXHeadersBuildPhase section */

/* Begin PBXNativeTarget section */
		B7D6C8E519C890AB0095250A /* unibreak_macos */ = {
			isa = PBXNativeTarget;
			buildConfigurationList = B7D6C8EA19C890AB0095250A /* Build configuration list for PBXNativeTarget "unibreak_macos" */;
			buildPhases = (
				B7D6C8E219C890AB0095250A /* Sources */,
				B7D6C8E319C890AB0095250A /* Frameworks */,
				B7D6C8E419C890AB0095250A /* Headers */,
			);
			buildRules = (
			);
			dependencies = (
			);
			name = unibreak_macos;
			productName = unibreak_macos;
			productReference = B7D6C8E619C890AB0095250A /* libunibreak_macos.a */;
			productType = "com.apple.product-type.library.static";
		};
/* End PBXNativeTarget section */

/* Begin PBXProject section */
		B7D6C8DE19C890AB0095250A /* Project object */ = {
			isa = PBXProject;
			attributes = {
				LastUpgradeCheck = 0510;
				ORGANIZATIONNAME = Wargaming;
			};
			buildConfigurationList = B7D6C8E119C890AB0095250A /* Build configuration list for PBXProject "unibreak_macos" */;
			compatibilityVersion = "Xcode 3.2";
			developmentRegion = English;
			hasScannedForEncodings = 0;
			knownRegions = (
				en,
			);
			mainGroup = B7D6C8DD19C890AB0095250A;
			productRefGroup = B7D6C8E719C890AB0095250A /* Products */;
			projectDirPath = "";
			projectRoot = "";
			targets = (
				B7D6C8E519C890AB0095250A /* unibreak_macos */,
			);
		};
/* End PBXProject section */

/* Begin PBXSourcesBuildPhase section */
		B7D6C8E219C890AB0095250A /* Sources */ = {
			isa = PBXSourcesBuildPhase;
			buildActionMask = 2147483647;
			files = (
				B779539D1A07C6C5001FB673 /* linebreakdef.c in Sources */,
				B77953A11A07C6C5001FB673 /* wordbreakdata.c in Sources */,
				B779539F1A07C6C5001FB673 /* wordbreak.c in Sources */,
				B779539A1A07C6C5001FB673 /* linebreak.c in Sources */,
				B779539C1A07C6C5001FB673 /* linebreakdata.c in Sources */,
			);
			runOnlyForDeploymentPostprocessing = 0;
		};
/* End PBXSourcesBuildPhase section */

/* Begin XCBuildConfiguration section */
		B7D6C8E819C890AB0095250A /* Debug */ = {
			isa = XCBuildConfiguration;
			buildSettings = {
				ALWAYS_SEARCH_USER_PATHS = NO;
				CLANG_CXX_LANGUAGE_STANDARD = "gnu++0x";
				CLANG_CXX_LIBRARY = "libc++";
				CLANG_ENABLE_MODULES = YES;
				CLANG_ENABLE_OBJC_ARC = YES;
				CLANG_WARN_BOOL_CONVERSION = YES;
				CLANG_WARN_CONSTANT_CONVERSION = YES;
				CLANG_WARN_DIRECT_OBJC_ISA_USAGE = YES_ERROR;
				CLANG_WARN_EMPTY_BODY = YES;
				CLANG_WARN_ENUM_CONVERSION = YES;
				CLANG_WARN_INT_CONVERSION = YES;
				CLANG_WARN_OBJC_ROOT_CLASS = YES_ERROR;
				CLANG_WARN__DUPLICATE_METHOD_MATCH = YES;
				COPY_PHASE_STRIP = NO;
				GCC_C_LANGUAGE_STANDARD = gnu99;
				GCC_DYNAMIC_NO_PIC = NO;
				GCC_ENABLE_OBJC_EXCEPTIONS = YES;
				GCC_OPTIMIZATION_LEVEL = 0;
				GCC_PREPROCESSOR_DEFINITIONS = (
					"DEBUG=1",
					"$(inherited)",
				);
				GCC_SYMBOLS_PRIVATE_EXTERN = NO;
				GCC_WARN_64_TO_32_BIT_CONVERSION = YES;
				GCC_WARN_ABOUT_RETURN_TYPE = YES_ERROR;
				GCC_WARN_UNDECLARED_SELECTOR = YES;
				GCC_WARN_UNINITIALIZED_AUTOS = YES_AGGRESSIVE;
				GCC_WARN_UNUSED_FUNCTION = YES;
				GCC_WARN_UNUSED_VARIABLE = YES;
				HEADER_SEARCH_PATHS = (
					"$(SRCROOT)/../../charset",
					"$(SRCROOT)/../../lib",
					"$(SRCROOT)/",
					"$(inherited)",
					/Applications/Xcode.app/Contents/Developer/Toolchains/XcodeDefault.xctoolchain/usr/include,
				);
				MACOSX_DEPLOYMENT_TARGET = 10.4;
				ONLY_ACTIVE_ARCH = YES;
				OTHER_LDFLAGS = "-ObjC";
				SDKROOT = macosx;
			};
			name = Debug;
		};
		B7D6C8E919C890AB0095250A /* Release */ = {
			isa = XCBuildConfiguration;
			buildSettings = {
				ALWAYS_SEARCH_USER_PATHS = NO;
				CLANG_CXX_LANGUAGE_STANDARD = "gnu++0x";
				CLANG_CXX_LIBRARY = "libc++";
				CLANG_ENABLE_MODULES = YES;
				CLANG_ENABLE_OBJC_ARC = YES;
				CLANG_WARN_BOOL_CONVERSION = YES;
				CLANG_WARN_CONSTANT_CONVERSION = YES;
				CLANG_WARN_DIRECT_OBJC_ISA_USAGE = YES_ERROR;
				CLANG_WARN_EMPTY_BODY = YES;
				CLANG_WARN_ENUM_CONVERSION = YES;
				CLANG_WARN_INT_CONVERSION = YES;
				CLANG_WARN_OBJC_ROOT_CLASS = YES_ERROR;
				CLANG_WARN__DUPLICATE_METHOD_MATCH = YES;
				COPY_PHASE_STRIP = YES;
				DEBUG_INFORMATION_FORMAT = "dwarf-with-dsym";
				ENABLE_NS_ASSERTIONS = NO;
				GCC_C_LANGUAGE_STANDARD = gnu99;
				GCC_ENABLE_OBJC_EXCEPTIONS = YES;
				GCC_WARN_64_TO_32_BIT_CONVERSION = YES;
				GCC_WARN_ABOUT_RETURN_TYPE = YES_ERROR;
				GCC_WARN_UNDECLARED_SELECTOR = YES;
				GCC_WARN_UNINITIALIZED_AUTOS = YES_AGGRESSIVE;
				GCC_WARN_UNUSED_FUNCTION = YES;
				GCC_WARN_UNUSED_VARIABLE = YES;
				HEADER_SEARCH_PATHS = (
					"$(SRCROOT)/../../charset",
					"$(SRCROOT)/../../lib",
					"$(SRCROOT)/",
					"$(inherited)",
					/Applications/Xcode.app/Contents/Developer/Toolchains/XcodeDefault.xctoolchain/usr/include,
				);
				MACOSX_DEPLOYMENT_TARGET = 10.4;
				OTHER_LDFLAGS = "-ObjC";
				SDKROOT = macosx;
			};
			name = Release;
		};
		B7D6C8EB19C890AB0095250A /* Debug */ = {
			isa = XCBuildConfiguration;
			buildSettings = {
				EXECUTABLE_PREFIX = lib;
				PRODUCT_NAME = unibreak_macos;
			};
			name = Debug;
		};
		B7D6C8EC19C890AB0095250A /* Release */ = {
			isa = XCBuildConfiguration;
			buildSettings = {
				EXECUTABLE_PREFIX = lib;
				PRODUCT_NAME = unibreak_macos;
			};
			name = Release;
		};
/* End XCBuildConfiguration section */

/* Begin XCConfigurationList section */
		B7D6C8E119C890AB0095250A /* Build configuration list for PBXProject "unibreak_macos" */ = {
			isa = XCConfigurationList;
			buildConfigurations = (
				B7D6C8E819C890AB0095250A /* Debug */,
				B7D6C8E919C890AB0095250A /* Release */,
			);
			defaultConfigurationIsVisible = 0;
			defaultConfigurationName = Release;
		};
		B7D6C8EA19C890AB0095250A /* Build configuration list for PBXNativeTarget "unibreak_macos" */ = {
			isa = XCConfigurationList;
			buildConfigurations = (
				B7D6C8EB19C890AB0095250A /* Debug */,
				B7D6C8EC19C890AB0095250A /* Release */,
			);
			defaultConfigurationIsVisible = 0;
			defaultConfigurationName = Release;
		};
/* End XCConfigurationList section */
	};
	rootObject = B7D6C8DE19C890AB0095250A /* Project object */;
}
