<?xml version="1.0" encoding="UTF-8"?>
<Project ToolsVersion="14.0" xmlns="http://schemas.microsoft.com/developer/msbuild/2003">
  <ItemGroup>
    <ClCompile Include="E:\repo\WindowsStore\dava.framework\Tools\WinStoreCMake\cmake_repo\Source\CPack\cmCPackArchiveGenerator.cxx">
      <Filter>Source Files</Filter>
    </ClCompile>
    <ClCompile Include="E:\repo\WindowsStore\dava.framework\Tools\WinStoreCMake\cmake_repo\Source\CPack\cmCPackComponentGroup.cxx">
      <Filter>Source Files</Filter>
    </ClCompile>
    <ClCompile Include="E:\repo\WindowsStore\dava.framework\Tools\WinStoreCMake\cmake_repo\Source\CPack\cmCPackGeneratorFactory.cxx">
      <Filter>Source Files</Filter>
    </ClCompile>
    <ClCompile Include="E:\repo\WindowsStore\dava.framework\Tools\WinStoreCMake\cmake_repo\Source\CPack\cmCPackGenerator.cxx">
      <Filter>Source Files</Filter>
    </ClCompile>
    <ClCompile Include="E:\repo\WindowsStore\dava.framework\Tools\WinStoreCMake\cmake_repo\Source\CPack\cmCPackLog.cxx">
      <Filter>Source Files</Filter>
    </ClCompile>
    <ClCompile Include="E:\repo\WindowsStore\dava.framework\Tools\WinStoreCMake\cmake_repo\Source\CPack\cmCPackNSISGenerator.cxx">
      <Filter>Source Files</Filter>
    </ClCompile>
    <ClCompile Include="E:\repo\WindowsStore\dava.framework\Tools\WinStoreCMake\cmake_repo\Source\CPack\IFW\cmCPackIFWPackage.cxx">
      <Filter>Source Files</Filter>
    </ClCompile>
    <ClCompile Include="E:\repo\WindowsStore\dava.framework\Tools\WinStoreCMake\cmake_repo\Source\CPack\IFW\cmCPackIFWInstaller.cxx">
      <Filter>Source Files</Filter>
    </ClCompile>
    <ClCompile Include="E:\repo\WindowsStore\dava.framework\Tools\WinStoreCMake\cmake_repo\Source\CPack\IFW\cmCPackIFWGenerator.cxx">
      <Filter>Source Files</Filter>
    </ClCompile>
    <ClCompile Include="E:\repo\WindowsStore\dava.framework\Tools\WinStoreCMake\cmake_repo\Source\CPack\cmCPackSTGZGenerator.cxx">
      <Filter>Source Files</Filter>
    </ClCompile>
    <ClCompile Include="E:\repo\WindowsStore\dava.framework\Tools\WinStoreCMake\cmake_repo\Source\CPack\cmCPackTGZGenerator.cxx">
      <Filter>Source Files</Filter>
    </ClCompile>
    <ClCompile Include="E:\repo\WindowsStore\dava.framework\Tools\WinStoreCMake\cmake_repo\Source\CPack\cmCPackTXZGenerator.cxx">
      <Filter>Source Files</Filter>
    </ClCompile>
    <ClCompile Include="E:\repo\WindowsStore\dava.framework\Tools\WinStoreCMake\cmake_repo\Source\CPack\cmCPackTarBZip2Generator.cxx">
      <Filter>Source Files</Filter>
    </ClCompile>
    <ClCompile Include="E:\repo\WindowsStore\dava.framework\Tools\WinStoreCMake\cmake_repo\Source\CPack\cmCPackTarCompressGenerator.cxx">
      <Filter>Source Files</Filter>
    </ClCompile>
    <ClCompile Include="E:\repo\WindowsStore\dava.framework\Tools\WinStoreCMake\cmake_repo\Source\CPack\cmCPackZIPGenerator.cxx">
      <Filter>Source Files</Filter>
    </ClCompile>
    <ClCompile Include="E:\repo\WindowsStore\dava.framework\Tools\WinStoreCMake\cmake_repo\Source\CPack\cmCPack7zGenerator.cxx">
      <Filter>Source Files</Filter>
    </ClCompile>
    <ClCompile Include="E:\repo\WindowsStore\dava.framework\Tools\WinStoreCMake\cmake_repo\Source\CPack\WiX\cmCPackWIXGenerator.cxx">
      <Filter>Source Files</Filter>
    </ClCompile>
    <ClCompile Include="E:\repo\WindowsStore\dava.framework\Tools\WinStoreCMake\cmake_repo\Source\CPack\WiX\cmWIXAccessControlList.cxx">
      <Filter>Source Files</Filter>
    </ClCompile>
    <ClCompile Include="E:\repo\WindowsStore\dava.framework\Tools\WinStoreCMake\cmake_repo\Source\CPack\WiX\cmWIXDirectoriesSourceWriter.cxx">
      <Filter>Source Files</Filter>
    </ClCompile>
    <ClCompile Include="E:\repo\WindowsStore\dava.framework\Tools\WinStoreCMake\cmake_repo\Source\CPack\WiX\cmWIXFeaturesSourceWriter.cxx">
      <Filter>Source Files</Filter>
    </ClCompile>
    <ClCompile Include="E:\repo\WindowsStore\dava.framework\Tools\WinStoreCMake\cmake_repo\Source\CPack\WiX\cmWIXFilesSourceWriter.cxx">
      <Filter>Source Files</Filter>
    </ClCompile>
    <ClCompile Include="E:\repo\WindowsStore\dava.framework\Tools\WinStoreCMake\cmake_repo\Source\CPack\WiX\cmWIXPatch.cxx">
      <Filter>Source Files</Filter>
    </ClCompile>
    <ClCompile Include="E:\repo\WindowsStore\dava.framework\Tools\WinStoreCMake\cmake_repo\Source\CPack\WiX\cmWIXPatchParser.cxx">
      <Filter>Source Files</Filter>
    </ClCompile>
    <ClCompile Include="E:\repo\WindowsStore\dava.framework\Tools\WinStoreCMake\cmake_repo\Source\CPack\WiX\cmWIXRichTextFormatWriter.cxx">
      <Filter>Source Files</Filter>
    </ClCompile>
    <ClCompile Include="E:\repo\WindowsStore\dava.framework\Tools\WinStoreCMake\cmake_repo\Source\CPack\WiX\cmWIXSourceWriter.cxx">
      <Filter>Source Files</Filter>
    </ClCompile>
  </ItemGroup>
  <ItemGroup>
    <CustomBuild Include="E:\repo\WindowsStore\dava.framework\Tools\WinStoreCMake\cmake_repo\Source\CMakeLists.txt" />
  </ItemGroup>
  <ItemGroup>
    <Filter Include="Source Files">
      <UniqueIdentifier>{12B62A34-3523-4EA4-B67D-6A82F89A6C58}</UniqueIdentifier>
    </Filter>
  </ItemGroup>
</Project>
