<?xml version="1.0" encoding="utf-8"?>
<Project ToolsVersion="4.0" xmlns="http://schemas.microsoft.com/developer/msbuild/2003">
  <ItemGroup>
    <ClCompile Include="Classes\BaseScreen.cpp" />
    <ClCompile Include="Classes\EntityTest.cpp" />
    <ClCompile Include="Classes\FrameworkMain.cpp" />
    <ClCompile Include="Classes\GameCore.cpp" />
    <ClCompile Include="Classes\HashMapTest.cpp" />
    <ClCompile Include="Classes\KeyedArchiveTest.cpp" />
    <ClCompile Include="Classes\KeyedArchiveYamlTest.cpp" />
    <ClCompile Include="Classes\MemoryAllocatorsTest.cpp" />
    <ClCompile Include="Classes\PVRTest.cpp" />
    <ClCompile Include="Classes\SampleTest.cpp" />
    <ClCompile Include="Classes\SoundTest.cpp" />
    <ClCompile Include="Classes\SplitTest.cpp" />
    <ClCompile Include="Classes\TestTemplate.cpp" />
    <ClCompile Include="Classes\TextureUtils.cpp" />
    <ClCompile Include="Win32Specific\main.cpp" />
    <ClCompile Include="Classes\CloneTest.cpp" />
    <ClCompile Include="Classes\DXTTest.cpp" />
    <ClCompile Include="Classes\DLCSystemTests.cpp" />
    <ClCompile Include="Classes\MaterialCompilerTest.cpp" />
    <ClCompile Include="Classes\InputTest.cpp" />
    <ClCompile Include="Classes\DPITest.cpp" />
    <ClCompile Include="Classes\eMailTest.cpp" />
    <ClCompile Include="Classes\DeviceInfoTest.cpp" />
    <ClCompile Include="Classes\LocalizationTest.cpp" />
    <ClCompile Include="Classes\FileListTest.cpp" />
    <ClCompile Include="Classes\FilePathTest.cpp" />
    <ClCompile Include="Classes\FileSystemTest.cpp" />
  </ItemGroup>
  <ItemGroup>
    <ClInclude Include="Classes\BaseScreen.h" />
    <ClInclude Include="Classes\Config.h" />
    <ClInclude Include="Classes\EntityTest.h" />
    <ClInclude Include="Classes\FrameworkMain.h" />
    <ClInclude Include="Classes\GameCore.h" />
    <ClInclude Include="Classes\HashMapTest.h" />
    <ClInclude Include="Classes\KeyedArchiveTest.h" />
    <ClInclude Include="Classes\KeyedArchiveYamlTest.h" />
    <ClInclude Include="Classes\MemoryAllocatorsTest.h" />
    <ClInclude Include="Classes\PVRTest.h" />
    <ClInclude Include="Classes\SampleTest.h" />
    <ClInclude Include="Classes\SoundTest.h" />
    <ClInclude Include="Classes\SplitTest.h" />
    <ClInclude Include="Classes\TestTemplate.h" />
    <ClInclude Include="Classes\TextureUtils.h" />
    <ClInclude Include="Classes\CloneTest.h" />
    <ClInclude Include="Classes\DXTTest.h" />
    <ClInclude Include="Classes\DLCSystemTests.h" />
    <ClInclude Include="Classes\MaterialCompilerTest.h" />
    <ClInclude Include="Classes\InputTest.h" />
    <ClInclude Include="Classes\DPITest.h" />
    <ClInclude Include="Classes\eMailTest.h" />
    <ClInclude Include="Classes\DeviceInfoTest.h" />
    <ClInclude Include="Classes\LocalizationTest.h" />
    <ClInclude Include="Classes\FileListTest.h" />
    <ClInclude Include="Classes\FilePathTest.h" />
    <ClInclude Include="Classes\FileSystemTest.h" />
  </ItemGroup>
</Project>